// !$*UTF8*$!
{
	archiveVersion = 1;
	classes = {
	};
	objectVersion = 56;
	objects = {

/* Begin PBXBuildFile section */
		4704E5F22B547EB4008C4337 /* TZ_clockApp.swift in Sources */ = {isa = PBXBuildFile; fileRef = 4704E5F12B547EB4008C4337 /* TZ_clockApp.swift */; };
		4704E5F62B547EB5008C4337 /* Assets.xcassets in Resources */ = {isa = PBXBuildFile; fileRef = 4704E5F52B547EB5008C4337 /* Assets.xcassets */; };
		4704E5F92B547EB5008C4337 /* Preview Assets.xcassets in Resources */ = {isa = PBXBuildFile; fileRef = 4704E5F82B547EB5008C4337 /* Preview Assets.xcassets */; };
		4704E6042B547EB5008C4337 /* TZ_clockTests.swift in Sources */ = {isa = PBXBuildFile; fileRef = 4704E6032B547EB5008C4337 /* TZ_clockTests.swift */; };
		4704E60E2B547EB5008C4337 /* TZ_clockUITests.swift in Sources */ = {isa = PBXBuildFile; fileRef = 4704E60D2B547EB5008C4337 /* TZ_clockUITests.swift */; };
		4704E6102B547EB5008C4337 /* TZ_clockUITestsLaunchTests.swift in Sources */ = {isa = PBXBuildFile; fileRef = 4704E60F2B547EB5008C4337 /* TZ_clockUITestsLaunchTests.swift */; };
		4704E61D2B547EFC008C4337 /* SetupView.swift in Sources */ = {isa = PBXBuildFile; fileRef = 4704E61C2B547EFC008C4337 /* SetupView.swift */; };
/* End PBXBuildFile section */

/* Begin PBXContainerItemProxy section */
		4704E6002B547EB5008C4337 /* PBXContainerItemProxy */ = {
			isa = PBXContainerItemProxy;
			containerPortal = 4704E5E62B547EB4008C4337 /* Project object */;
			proxyType = 1;
			remoteGlobalIDString = 4704E5ED2B547EB4008C4337;
			remoteInfo = "TZ clock";
		};
		4704E60A2B547EB5008C4337 /* PBXContainerItemProxy */ = {
			isa = PBXContainerItemProxy;
			containerPortal = 4704E5E62B547EB4008C4337 /* Project object */;
			proxyType = 1;
			remoteGlobalIDString = 4704E5ED2B547EB4008C4337;
			remoteInfo = "TZ clock";
		};
/* End PBXContainerItemProxy section */

/* Begin PBXFileReference section */
		4704E5EE2B547EB4008C4337 /* TZ clock.app */ = {isa = PBXFileReference; explicitFileType = wrapper.application; includeInIndex = 0; path = "TZ clock.app"; sourceTree = BUILT_PRODUCTS_DIR; };
		4704E5F12B547EB4008C4337 /* TZ_clockApp.swift */ = {isa = PBXFileReference; lastKnownFileType = sourcecode.swift; path = TZ_clockApp.swift; sourceTree = "<group>"; };
		4704E5F52B547EB5008C4337 /* Assets.xcassets */ = {isa = PBXFileReference; lastKnownFileType = folder.assetcatalog; path = Assets.xcassets; sourceTree = "<group>"; };
		4704E5F82B547EB5008C4337 /* Preview Assets.xcassets */ = {isa = PBXFileReference; lastKnownFileType = folder.assetcatalog; path = "Preview Assets.xcassets"; sourceTree = "<group>"; };
		4704E5FA2B547EB5008C4337 /* TZ_clock.entitlements */ = {isa = PBXFileReference; lastKnownFileType = text.plist.entitlements; path = TZ_clock.entitlements; sourceTree = "<group>"; };
		4704E5FF2B547EB5008C4337 /* TZ clockTests.xctest */ = {isa = PBXFileReference; explicitFileType = wrapper.cfbundle; includeInIndex = 0; path = "TZ clockTests.xctest"; sourceTree = BUILT_PRODUCTS_DIR; };
		4704E6032B547EB5008C4337 /* TZ_clockTests.swift */ = {isa = PBXFileReference; lastKnownFileType = sourcecode.swift; path = TZ_clockTests.swift; sourceTree = "<group>"; };
		4704E6092B547EB5008C4337 /* TZ clockUITests.xctest */ = {isa = PBXFileReference; explicitFileType = wrapper.cfbundle; includeInIndex = 0; path = "TZ clockUITests.xctest"; sourceTree = BUILT_PRODUCTS_DIR; };
		4704E60D2B547EB5008C4337 /* TZ_clockUITests.swift */ = {isa = PBXFileReference; lastKnownFileType = sourcecode.swift; path = TZ_clockUITests.swift; sourceTree = "<group>"; };
		4704E60F2B547EB5008C4337 /* TZ_clockUITestsLaunchTests.swift */ = {isa = PBXFileReference; lastKnownFileType = sourcecode.swift; path = TZ_clockUITestsLaunchTests.swift; sourceTree = "<group>"; };
		4704E61C2B547EFC008C4337 /* SetupView.swift */ = {isa = PBXFileReference; lastKnownFileType = sourcecode.swift; path = SetupView.swift; sourceTree = "<group>"; };
/* End PBXFileReference section */

/* Begin PBXFrameworksBuildPhase section */
		4704E5EB2B547EB4008C4337 /* Frameworks */ = {
			isa = PBXFrameworksBuildPhase;
			buildActionMask = 2147483647;
			files = (
			);
			runOnlyForDeploymentPostprocessing = 0;
		};
		4704E5FC2B547EB5008C4337 /* Frameworks */ = {
			isa = PBXFrameworksBuildPhase;
			buildActionMask = 2147483647;
			files = (
			);
			runOnlyForDeploymentPostprocessing = 0;
		};
		4704E6062B547EB5008C4337 /* Frameworks */ = {
			isa = PBXFrameworksBuildPhase;
			buildActionMask = 2147483647;
			files = (
			);
			runOnlyForDeploymentPostprocessing = 0;
		};
/* End PBXFrameworksBuildPhase section */

/* Begin PBXGroup section */
		4704E5E52B547EB4008C4337 = {
			isa = PBXGroup;
			children = (
				4704E5F02B547EB4008C4337 /* TZ clock */,
				4704E6022B547EB5008C4337 /* TZ clockTests */,
				4704E60C2B547EB5008C4337 /* TZ clockUITests */,
				4704E5EF2B547EB4008C4337 /* Products */,
			);
			sourceTree = "<group>";
		};
		4704E5EF2B547EB4008C4337 /* Products */ = {
			isa = PBXGroup;
			children = (
				4704E5EE2B547EB4008C4337 /* TZ clock.app */,
				4704E5FF2B547EB5008C4337 /* TZ clockTests.xctest */,
				4704E6092B547EB5008C4337 /* TZ clockUITests.xctest */,
			);
			name = Products;
			sourceTree = "<group>";
		};
		4704E5F02B547EB4008C4337 /* TZ clock */ = {
			isa = PBXGroup;
			children = (
				4704E5F12B547EB4008C4337 /* TZ_clockApp.swift */,
				4704E61C2B547EFC008C4337 /* SetupView.swift */,
				4704E5F52B547EB5008C4337 /* Assets.xcassets */,
				4704E5FA2B547EB5008C4337 /* TZ_clock.entitlements */,
				4704E5F72B547EB5008C4337 /* Preview Content */,
			);
			path = "TZ clock";
			sourceTree = "<group>";
		};
		4704E5F72B547EB5008C4337 /* Preview Content */ = {
			isa = PBXGroup;
			children = (
				4704E5F82B547EB5008C4337 /* Preview Assets.xcassets */,
			);
			path = "Preview Content";
			sourceTree = "<group>";
		};
		4704E6022B547EB5008C4337 /* TZ clockTests */ = {
			isa = PBXGroup;
			children = (
				4704E6032B547EB5008C4337 /* TZ_clockTests.swift */,
			);
			path = "TZ clockTests";
			sourceTree = "<group>";
		};
		4704E60C2B547EB5008C4337 /* TZ clockUITests */ = {
			isa = PBXGroup;
			children = (
				4704E60D2B547EB5008C4337 /* TZ_clockUITests.swift */,
				4704E60F2B547EB5008C4337 /* TZ_clockUITestsLaunchTests.swift */,
			);
			path = "TZ clockUITests";
			sourceTree = "<group>";
		};
/* End PBXGroup section */

/* Begin PBXNativeTarget section */
		4704E5ED2B547EB4008C4337 /* TZ clock */ = {
			isa = PBXNativeTarget;
			buildConfigurationList = 4704E6132B547EB5008C4337 /* Build configuration list for PBXNativeTarget "TZ clock" */;
			buildPhases = (
				4704E5EA2B547EB4008C4337 /* Sources */,
				4704E5EB2B547EB4008C4337 /* Frameworks */,
				4704E5EC2B547EB4008C4337 /* Resources */,
			);
			buildRules = (
			);
			dependencies = (
			);
			name = "TZ clock";
			productName = "TZ clock";
			productReference = 4704E5EE2B547EB4008C4337 /* TZ clock.app */;
			productType = "com.apple.product-type.application";
		};
		4704E5FE2B547EB5008C4337 /* TZ clockTests */ = {
			isa = PBXNativeTarget;
			buildConfigurationList = 4704E6162B547EB5008C4337 /* Build configuration list for PBXNativeTarget "TZ clockTests" */;
			buildPhases = (
				4704E5FB2B547EB5008C4337 /* Sources */,
				4704E5FC2B547EB5008C4337 /* Frameworks */,
				4704E5FD2B547EB5008C4337 /* Resources */,
			);
			buildRules = (
			);
			dependencies = (
				4704E6012B547EB5008C4337 /* PBXTargetDependency */,
			);
			name = "TZ clockTests";
			productName = "TZ clockTests";
			productReference = 4704E5FF2B547EB5008C4337 /* TZ clockTests.xctest */;
			productType = "com.apple.product-type.bundle.unit-test";
		};
		4704E6082B547EB5008C4337 /* TZ clockUITests */ = {
			isa = PBXNativeTarget;
			buildConfigurationList = 4704E6192B547EB5008C4337 /* Build configuration list for PBXNativeTarget "TZ clockUITests" */;
			buildPhases = (
				4704E6052B547EB5008C4337 /* Sources */,
				4704E6062B547EB5008C4337 /* Frameworks */,
				4704E6072B547EB5008C4337 /* Resources */,
			);
			buildRules = (
			);
			dependencies = (
				4704E60B2B547EB5008C4337 /* PBXTargetDependency */,
			);
			name = "TZ clockUITests";
			productName = "TZ clockUITests";
			productReference = 4704E6092B547EB5008C4337 /* TZ clockUITests.xctest */;
			productType = "com.apple.product-type.bundle.ui-testing";
		};
/* End PBXNativeTarget section */

/* Begin PBXProject section */
		4704E5E62B547EB4008C4337 /* Project object */ = {
			isa = PBXProject;
			attributes = {
				BuildIndependentTargetsInParallel = 1;
				LastSwiftUpdateCheck = 1500;
				LastUpgradeCheck = 1500;
				TargetAttributes = {
					4704E5ED2B547EB4008C4337 = {
						CreatedOnToolsVersion = 15.0.1;
					};
					4704E5FE2B547EB5008C4337 = {
						CreatedOnToolsVersion = 15.0.1;
						TestTargetID = 4704E5ED2B547EB4008C4337;
					};
					4704E6082B547EB5008C4337 = {
						CreatedOnToolsVersion = 15.0.1;
						TestTargetID = 4704E5ED2B547EB4008C4337;
					};
				};
			};
			buildConfigurationList = 4704E5E92B547EB4008C4337 /* Build configuration list for PBXProject "TZ clock" */;
			compatibilityVersion = "Xcode 14.0";
			developmentRegion = en;
			hasScannedForEncodings = 0;
			knownRegions = (
				en,
				Base,
			);
			mainGroup = 4704E5E52B547EB4008C4337;
			productRefGroup = 4704E5EF2B547EB4008C4337 /* Products */;
			projectDirPath = "";
			projectRoot = "";
			targets = (
				4704E5ED2B547EB4008C4337 /* TZ clock */,
				4704E5FE2B547EB5008C4337 /* TZ clockTests */,
				4704E6082B547EB5008C4337 /* TZ clockUITests */,
			);
		};
/* End PBXProject section */

/* Begin PBXResourcesBuildPhase section */
		4704E5EC2B547EB4008C4337 /* Resources */ = {
			isa = PBXResourcesBuildPhase;
			buildActionMask = 2147483647;
			files = (
				4704E5F92B547EB5008C4337 /* Preview Assets.xcassets in Resources */,
				4704E5F62B547EB5008C4337 /* Assets.xcassets in Resources */,
			);
			runOnlyForDeploymentPostprocessing = 0;
		};
		4704E5FD2B547EB5008C4337 /* Resources */ = {
			isa = PBXResourcesBuildPhase;
			buildActionMask = 2147483647;
			files = (
			);
			runOnlyForDeploymentPostprocessing = 0;
		};
		4704E6072B547EB5008C4337 /* Resources */ = {
			isa = PBXResourcesBuildPhase;
			buildActionMask = 2147483647;
			files = (
			);
			runOnlyForDeploymentPostprocessing = 0;
		};
/* End PBXResourcesBuildPhase section */

/* Begin PBXSourcesBuildPhase section */
		4704E5EA2B547EB4008C4337 /* Sources */ = {
			isa = PBXSourcesBuildPhase;
			buildActionMask = 2147483647;
			files = (
				4704E61D2B547EFC008C4337 /* SetupView.swift in Sources */,
				4704E5F22B547EB4008C4337 /* TZ_clockApp.swift in Sources */,
			);
			runOnlyForDeploymentPostprocessing = 0;
		};
		4704E5FB2B547EB5008C4337 /* Sources */ = {
			isa = PBXSourcesBuildPhase;
			buildActionMask = 2147483647;
			files = (
				4704E6042B547EB5008C4337 /* TZ_clockTests.swift in Sources */,
			);
			runOnlyForDeploymentPostprocessing = 0;
		};
		4704E6052B547EB5008C4337 /* Sources */ = {
			isa = PBXSourcesBuildPhase;
			buildActionMask = 2147483647;
			files = (
				4704E6102B547EB5008C4337 /* TZ_clockUITestsLaunchTests.swift in Sources */,
				4704E60E2B547EB5008C4337 /* TZ_clockUITests.swift in Sources */,
			);
			runOnlyForDeploymentPostprocessing = 0;
		};
/* End PBXSourcesBuildPhase section */

/* Begin PBXTargetDependency section */
		4704E6012B547EB5008C4337 /* PBXTargetDependency */ = {
			isa = PBXTargetDependency;
			target = 4704E5ED2B547EB4008C4337 /* TZ clock */;
			targetProxy = 4704E6002B547EB5008C4337 /* PBXContainerItemProxy */;
		};
		4704E60B2B547EB5008C4337 /* PBXTargetDependency */ = {
			isa = PBXTargetDependency;
			target = 4704E5ED2B547EB4008C4337 /* TZ clock */;
			targetProxy = 4704E60A2B547EB5008C4337 /* PBXContainerItemProxy */;
		};
/* End PBXTargetDependency section */

/* Begin XCBuildConfiguration section */
		4704E6112B547EB5008C4337 /* Debug */ = {
			isa = XCBuildConfiguration;
			buildSettings = {
				ALWAYS_SEARCH_USER_PATHS = NO;
				ASSETCATALOG_COMPILER_GENERATE_SWIFT_ASSET_SYMBOL_EXTENSIONS = YES;
				CLANG_ANALYZER_NONNULL = YES;
				CLANG_ANALYZER_NUMBER_OBJECT_CONVERSION = YES_AGGRESSIVE;
				CLANG_CXX_LANGUAGE_STANDARD = "gnu++20";
				CLANG_ENABLE_MODULES = YES;
				CLANG_ENABLE_OBJC_ARC = YES;
				CLANG_ENABLE_OBJC_WEAK = YES;
				CLANG_WARN_BLOCK_CAPTURE_AUTORELEASING = YES;
				CLANG_WARN_BOOL_CONVERSION = YES;
				CLANG_WARN_COMMA = YES;
				CLANG_WARN_CONSTANT_CONVERSION = YES;
				CLANG_WARN_DEPRECATED_OBJC_IMPLEMENTATIONS = YES;
				CLANG_WARN_DIRECT_OBJC_ISA_USAGE = YES_ERROR;
				CLANG_WARN_DOCUMENTATION_COMMENTS = YES;
				CLANG_WARN_EMPTY_BODY = YES;
				CLANG_WARN_ENUM_CONVERSION = YES;
				CLANG_WARN_INFINITE_RECURSION = YES;
				CLANG_WARN_INT_CONVERSION = YES;
				CLANG_WARN_NON_LITERAL_NULL_CONVERSION = YES;
				CLANG_WARN_OBJC_IMPLICIT_RETAIN_SELF = YES;
				CLANG_WARN_OBJC_LITERAL_CONVERSION = YES;
				CLANG_WARN_OBJC_ROOT_CLASS = YES_ERROR;
				CLANG_WARN_QUOTED_INCLUDE_IN_FRAMEWORK_HEADER = YES;
				CLANG_WARN_RANGE_LOOP_ANALYSIS = YES;
				CLANG_WARN_STRICT_PROTOTYPES = YES;
				CLANG_WARN_SUSPICIOUS_MOVE = YES;
				CLANG_WARN_UNGUARDED_AVAILABILITY = YES_AGGRESSIVE;
				CLANG_WARN_UNREACHABLE_CODE = YES;
				CLANG_WARN__DUPLICATE_METHOD_MATCH = YES;
				COPY_PHASE_STRIP = NO;
				DEBUG_INFORMATION_FORMAT = dwarf;
				ENABLE_STRICT_OBJC_MSGSEND = YES;
				ENABLE_TESTABILITY = YES;
				ENABLE_USER_SCRIPT_SANDBOXING = YES;
				GCC_C_LANGUAGE_STANDARD = gnu17;
				GCC_DYNAMIC_NO_PIC = NO;
				GCC_NO_COMMON_BLOCKS = YES;
				GCC_OPTIMIZATION_LEVEL = 0;
				GCC_PREPROCESSOR_DEFINITIONS = (
					"DEBUG=1",
					"$(inherited)",
				);
				GCC_WARN_64_TO_32_BIT_CONVERSION = YES;
				GCC_WARN_ABOUT_RETURN_TYPE = YES_ERROR;
				GCC_WARN_UNDECLARED_SELECTOR = YES;
				GCC_WARN_UNINITIALIZED_AUTOS = YES_AGGRESSIVE;
				GCC_WARN_UNUSED_FUNCTION = YES;
				GCC_WARN_UNUSED_VARIABLE = YES;
				LOCALIZATION_PREFERS_STRING_CATALOGS = YES;
				MACOSX_DEPLOYMENT_TARGET = 14.0;
				MTL_ENABLE_DEBUG_INFO = INCLUDE_SOURCE;
				MTL_FAST_MATH = YES;
				ONLY_ACTIVE_ARCH = YES;
				SDKROOT = macosx;
				SWIFT_ACTIVE_COMPILATION_CONDITIONS = "DEBUG $(inherited)";
				SWIFT_OPTIMIZATION_LEVEL = "-Onone";
			};
			name = Debug;
		};
		4704E6122B547EB5008C4337 /* Release */ = {
			isa = XCBuildConfiguration;
			buildSettings = {
				ALWAYS_SEARCH_USER_PATHS = NO;
				ASSETCATALOG_COMPILER_GENERATE_SWIFT_ASSET_SYMBOL_EXTENSIONS = YES;
				CLANG_ANALYZER_NONNULL = YES;
				CLANG_ANALYZER_NUMBER_OBJECT_CONVERSION = YES_AGGRESSIVE;
				CLANG_CXX_LANGUAGE_STANDARD = "gnu++20";
				CLANG_ENABLE_MODULES = YES;
				CLANG_ENABLE_OBJC_ARC = YES;
				CLANG_ENABLE_OBJC_WEAK = YES;
				CLANG_WARN_BLOCK_CAPTURE_AUTORELEASING = YES;
				CLANG_WARN_BOOL_CONVERSION = YES;
				CLANG_WARN_COMMA = YES;
				CLANG_WARN_CONSTANT_CONVERSION = YES;
				CLANG_WARN_DEPRECATED_OBJC_IMPLEMENTATIONS = YES;
				CLANG_WARN_DIRECT_OBJC_ISA_USAGE = YES_ERROR;
				CLANG_WARN_DOCUMENTATION_COMMENTS = YES;
				CLANG_WARN_EMPTY_BODY = YES;
				CLANG_WARN_ENUM_CONVERSION = YES;
				CLANG_WARN_INFINITE_RECURSION = YES;
				CLANG_WARN_INT_CONVERSION = YES;
				CLANG_WARN_NON_LITERAL_NULL_CONVERSION = YES;
				CLANG_WARN_OBJC_IMPLICIT_RETAIN_SELF = YES;
				CLANG_WARN_OBJC_LITERAL_CONVERSION = YES;
				CLANG_WARN_OBJC_ROOT_CLASS = YES_ERROR;
				CLANG_WARN_QUOTED_INCLUDE_IN_FRAMEWORK_HEADER = YES;
				CLANG_WARN_RANGE_LOOP_ANALYSIS = YES;
				CLANG_WARN_STRICT_PROTOTYPES = YES;
				CLANG_WARN_SUSPICIOUS_MOVE = YES;
				CLANG_WARN_UNGUARDED_AVAILABILITY = YES_AGGRESSIVE;
				CLANG_WARN_UNREACHABLE_CODE = YES;
				CLANG_WARN__DUPLICATE_METHOD_MATCH = YES;
				COPY_PHASE_STRIP = NO;
				DEBUG_INFORMATION_FORMAT = "dwarf-with-dsym";
				ENABLE_NS_ASSERTIONS = NO;
				ENABLE_STRICT_OBJC_MSGSEND = YES;
				ENABLE_USER_SCRIPT_SANDBOXING = YES;
				GCC_C_LANGUAGE_STANDARD = gnu17;
				GCC_NO_COMMON_BLOCKS = YES;
				GCC_WARN_64_TO_32_BIT_CONVERSION = YES;
				GCC_WARN_ABOUT_RETURN_TYPE = YES_ERROR;
				GCC_WARN_UNDECLARED_SELECTOR = YES;
				GCC_WARN_UNINITIALIZED_AUTOS = YES_AGGRESSIVE;
				GCC_WARN_UNUSED_FUNCTION = YES;
				GCC_WARN_UNUSED_VARIABLE = YES;
				LOCALIZATION_PREFERS_STRING_CATALOGS = YES;
				MACOSX_DEPLOYMENT_TARGET = 14.0;
				MTL_ENABLE_DEBUG_INFO = NO;
				MTL_FAST_MATH = YES;
				ONLY_ACTIVE_ARCH = YES;
				SDKROOT = macosx;
				SWIFT_COMPILATION_MODE = wholemodule;
			};
			name = Release;
		};
		4704E6142B547EB5008C4337 /* Debug */ = {
			isa = XCBuildConfiguration;
			buildSettings = {
				ASSETCATALOG_COMPILER_APPICON_NAME = AppIcon;
				ASSETCATALOG_COMPILER_GLOBAL_ACCENT_COLOR_NAME = AccentColor;
				CODE_SIGN_ENTITLEMENTS = "TZ clock/TZ_clock.entitlements";
				CODE_SIGN_STYLE = Automatic;
				COMBINE_HIDPI_IMAGES = YES;
				CURRENT_PROJECT_VERSION = 1;
				DEVELOPMENT_ASSET_PATHS = "\"TZ clock/Preview Content\"";
				DEVELOPMENT_TEAM = 63H4CA2RVF;
				ENABLE_PREVIEWS = YES;
				GENERATE_INFOPLIST_FILE = YES;
				INFOPLIST_KEY_CFBundleDisplayName = TZClock;
				INFOPLIST_KEY_LSApplicationCategoryType = "public.app-category.productivity";
				INFOPLIST_KEY_NSHumanReadableCopyright = "";
				LD_RUNPATH_SEARCH_PATHS = (
					"$(inherited)",
					"@executable_path/../Frameworks",
				);
				MARKETING_VERSION = 1.0;
				PRODUCT_BUNDLE_IDENTIFIER = PH.TimeZoneClock;
				PRODUCT_NAME = "$(TARGET_NAME)";
				SWIFT_EMIT_LOC_STRINGS = YES;
				SWIFT_VERSION = 5.0;
			};
			name = Debug;
		};
		4704E6152B547EB5008C4337 /* Release */ = {
			isa = XCBuildConfiguration;
			buildSettings = {
				ASSETCATALOG_COMPILER_APPICON_NAME = AppIcon;
				ASSETCATALOG_COMPILER_GLOBAL_ACCENT_COLOR_NAME = AccentColor;
				CODE_SIGN_ENTITLEMENTS = "TZ clock/TZ_clock.entitlements";
				CODE_SIGN_STYLE = Automatic;
				COMBINE_HIDPI_IMAGES = YES;
				CURRENT_PROJECT_VERSION = 1;
				DEVELOPMENT_ASSET_PATHS = "\"TZ clock/Preview Content\"";
				DEVELOPMENT_TEAM = 63H4CA2RVF;
				ENABLE_PREVIEWS = YES;
				GENERATE_INFOPLIST_FILE = YES;
				INFOPLIST_KEY_CFBundleDisplayName = TZClock;
				INFOPLIST_KEY_LSApplicationCategoryType = "public.app-category.productivity";
				INFOPLIST_KEY_NSHumanReadableCopyright = "";
				LD_RUNPATH_SEARCH_PATHS = (
					"$(inherited)",
					"@executable_path/../Frameworks",
				);
				MARKETING_VERSION = 1.0;
				PRODUCT_BUNDLE_IDENTIFIER = PH.TimeZoneClock;
				PRODUCT_NAME = "$(TARGET_NAME)";
				SWIFT_EMIT_LOC_STRINGS = YES;
				SWIFT_VERSION = 5.0;
			};
			name = Release;
		};
		4704E6172B547EB5008C4337 /* Debug */ = {
			isa = XCBuildConfiguration;
			buildSettings = {
				ALWAYS_EMBED_SWIFT_STANDARD_LIBRARIES = YES;
				BUNDLE_LOADER = "$(TEST_HOST)";
				CODE_SIGN_STYLE = Automatic;
				CURRENT_PROJECT_VERSION = 1;
				GENERATE_INFOPLIST_FILE = YES;
				MACOSX_DEPLOYMENT_TARGET = 14.0;
				MARKETING_VERSION = 1.0;
				PRODUCT_BUNDLE_IDENTIFIER = "PH.TZ-clockTests";
				PRODUCT_NAME = "$(TARGET_NAME)";
				SWIFT_EMIT_LOC_STRINGS = NO;
				SWIFT_VERSION = 5.0;
				TEST_HOST = "$(BUILT_PRODUCTS_DIR)/TZ clock.app/$(BUNDLE_EXECUTABLE_FOLDER_PATH)/TZ clock";
			};
			name = Debug;
		};
		4704E6182B547EB5008C4337 /* Release */ = {
			isa = XCBuildConfiguration;
			buildSettings = {
				ALWAYS_EMBED_SWIFT_STANDARD_LIBRARIES = YES;
				BUNDLE_LOADER = "$(TEST_HOST)";
				CODE_SIGN_STYLE = Automatic;
				CURRENT_PROJECT_VERSION = 1;
				GENERATE_INFOPLIST_FILE = YES;
				MACOSX_DEPLOYMENT_TARGET = 14.0;
				MARKETING_VERSION = 1.0;
				PRODUCT_BUNDLE_IDENTIFIER = "PH.TZ-clockTests";
				PRODUCT_NAME = "$(TARGET_NAME)";
				SWIFT_EMIT_LOC_STRINGS = NO;
				SWIFT_VERSION = 5.0;
				TEST_HOST = "$(BUILT_PRODUCTS_DIR)/TZ clock.app/$(BUNDLE_EXECUTABLE_FOLDER_PATH)/TZ clock";
			};
			name = Release;
		};
		4704E61A2B547EB5008C4337 /* Debug */ = {
			isa = XCBuildConfiguration;
			buildSettings = {
				ALWAYS_EMBED_SWIFT_STANDARD_LIBRARIES = YES;
				CODE_SIGN_STYLE = Automatic;
				CURRENT_PROJECT_VERSION = 1;
				GENERATE_INFOPLIST_FILE = YES;
				MARKETING_VERSION = 1.0;
				PRODUCT_BUNDLE_IDENTIFIER = "PH.TZ-clockUITests";
				PRODUCT_NAME = "$(TARGET_NAME)";
				SWIFT_EMIT_LOC_STRINGS = NO;
				SWIFT_VERSION = 5.0;
				TEST_TARGET_NAME = "TZ clock";
			};
			name = Debug;
		};
		4704E61B2B547EB5008C4337 /* Release */ = {
			isa = XCBuildConfiguration;
			buildSettings = {
				ALWAYS_EMBED_SWIFT_STANDARD_LIBRARIES = YES;
				CODE_SIGN_STYLE = Automatic;
				CURRENT_PROJECT_VERSION = 1;
				GENERATE_INFOPLIST_FILE = YES;
				MARKETING_VERSION = 1.0;
				PRODUCT_BUNDLE_IDENTIFIER = "PH.TZ-clockUITests";
				PRODUCT_NAME = "$(TARGET_NAME)";
				SWIFT_EMIT_LOC_STRINGS = NO;
				SWIFT_VERSION = 5.0;
				TEST_TARGET_NAME = "TZ clock";
			};
			name = Release;
		};
/* End XCBuildConfiguration section */

/* Begin XCConfigurationList section */
		4704E5E92B547EB4008C4337 /* Build configuration list for PBXProject "TZ clock" */ = {
			isa = XCConfigurationList;
			buildConfigurations = (
				4704E6112B547EB5008C4337 /* Debug */,
				4704E6122B547EB5008C4337 /* Release */,
			);
			defaultConfigurationIsVisible = 0;
			defaultConfigurationName = Release;
		};
		4704E6132B547EB5008C4337 /* Build configuration list for PBXNativeTarget "TZ clock" */ = {
			isa = XCConfigurationList;
			buildConfigurations = (
				4704E6142B547EB5008C4337 /* Debug */,
				4704E6152B547EB5008C4337 /* Release */,
			);
			defaultConfigurationIsVisible = 0;
			defaultConfigurationName = Release;
		};
		4704E6162B547EB5008C4337 /* Build configuration list for PBXNativeTarget "TZ clockTests" */ = {
			isa = XCConfigurationList;
			buildConfigurations = (
				4704E6172B547EB5008C4337 /* Debug */,
				4704E6182B547EB5008C4337 /* Release */,
			);
			defaultConfigurationIsVisible = 0;
			defaultConfigurationName = Release;
		};
		4704E6192B547EB5008C4337 /* Build configuration list for PBXNativeTarget "TZ clockUITests" */ = {
			isa = XCConfigurationList;
			buildConfigurations = (
				4704E61A2B547EB5008C4337 /* Debug */,
				4704E61B2B547EB5008C4337 /* Release */,
			);
			defaultConfigurationIsVisible = 0;
			defaultConfigurationName = Release;
		};
/* End XCConfigurationList section */
	};
	rootObject = 4704E5E62B547EB4008C4337 /* Project object */;
}
